PODS:
  - Flutter (1.0.0)
  - flutter_checkout_payment (0.0.1):
    - Flutter
    - Frames (~> 3.0)
  - Frames (3.3.0)

DEPENDENCIES:
  - Flutter (from `Flutter`)
  - flutter_checkout_payment (from `.symlinks/plugins/flutter_checkout_payment/ios`)
  - Frames (~> 3.3.0)

SPEC REPOS:
  trunk:
    - Frames

EXTERNAL SOURCES:
  Flutter:
    :path: Flutter
  flutter_checkout_payment:
    :path: ".symlinks/plugins/flutter_checkout_payment/ios"

SPEC CHECKSUMS:
  Flutter: 434fef37c0980e73bb6479ef766c45957d4b510c
  flutter_checkout_payment: 39c97c1ba8ee6f1c5784230722e524f7c60546f8
  Frames: fcdd557295e85edfd18dec8a31de7202fddca1bb

PODFILE CHECKSUM: b462f1fbf3afdb32f0a03ab02f7924e8fea2bfc8

COCOAPODS: 1.10.0
